
Microsoft Visual Studio Solution File, Format Version 12.00
Project("{FAE04EC0-301F-11D3-BF4B-00C04F79EFBC}") = "IQueryableSample", "IQueryableSample\IQueryableSample.csproj", "{B711A049-2E6A-4C6D-816D-78DBA486208B}"
EndProject
Global
	GlobalSection(SolutionConfigurationPlatforms) = preSolution
		Debug|Any CPU = Debug|Any CPU
		Release|Any CPU = Release|Any CPU
	EndGlobalSection
	GlobalSection(ProjectConfigurationPlatforms) = postSolution
		{B711A049-2E6A-4C6D-816D-78DBA486208B}.Debug|Any CPU.ActiveCfg = Debug|Any CPU
		{B711A049-2E6A-4C6D-816D-78DBA486208B}.Debug|Any CPU.Build.0 = Debug|Any CPU
		{B711A049-2E6A-4C6D-816D-78DBA486208B}.Release|Any CPU.ActiveCfg = Release|Any CPU
		{B711A049-2E6A-4C6D-816D-78DBA486208B}.Release|Any CPU.Build.0 = Release|Any CPU
	EndGlobalSection
EndGlobal
